
Microsoft Visual Studio Solution File, Format Version 12.00
# Visual Studio Version 17
VisualStudioVersion = 17.14.36518.9
MinimumVisualStudioVersion = 10.0.40219.1
Project("{FAE04EC0-301F-11D3-BF4B-00C04F79EFBC}") = "CleanArchitecture.WebApi", "CleanArchitecture.WebApi\CleanArchitecture.WebApi.csproj", "{EE3E9AAA-FED8-4DDE-8586-981702A5A925}"
EndProject
Project("{2150E333-8FDC-42A3-9474-1A3956D46DE8}") = "src", "src", "{02EA681E-C7D8-13C7-8484-4AC65E1B71E8}"
EndProject
Project("{2150E333-8FDC-42A3-9474-1A3956D46DE8}") = "Core", "Core", "{0FCD6DDE-315F-4DEB-9990-7BAC9981EA9B}"
EndProject
Project("{2150E333-8FDC-42A3-9474-1A3956D46DE8}") = "External", "External", "{A5AE5692-5740-4DAB-9C9A-F7473EE4F5E7}"
EndProject
Project("{FAE04EC0-301F-11D3-BF4B-00C04F79EFBC}") = "CleanArchitecture.Application", "CleanArchitecture.Application\CleanArchitecture.Application.csproj", "{5668817A-346E-4A98-9C22-6EEAD2D5D778}"
EndProject
Project("{FAE04EC0-301F-11D3-BF4B-00C04F79EFBC}") = "CleanArchitecture.Domain", "CleanArchitecture.Domain\CleanArchitecture.Domain.csproj", "{693E1AA4-B12A-41C2-9C14-140DD15082FD}"
EndProject
Project("{FAE04EC0-301F-11D3-BF4B-00C04F79EFBC}") = "CleanArchitecture.Infrastructure", "CleanArchitecture.Infrastructure\CleanArchitecture.Infrastructure.csproj", "{8B8B34E1-E063-4CE2-9B0D-4E14B6F6045F}"
EndProject
Project("{FAE04EC0-301F-11D3-BF4B-00C04F79EFBC}") = "CleanArchitecture.Persistance", "CleanArchitecture.Persistance\CleanArchitecture.Persistance.csproj", "{1EC8F779-10E1-43E8-873E-A660C377EE3F}"
EndProject
Project("{FAE04EC0-301F-11D3-BF4B-00C04F79EFBC}") = "CleanArchitecture.Presentation", "CleanArchitecture.Presentation\CleanArchitecture.Presentation.csproj", "{A9A7D432-0DDC-410E-9486-0D09CCCA42EF}"
EndProject
Project("{2150E333-8FDC-42A3-9474-1A3956D46DE8}") = "test", "test", "{34172D7C-F7F4-484C-818C-38E7A8EAB5D7}"
EndProject
Project("{FAE04EC0-301F-11D3-BF4B-00C04F79EFBC}") = "CleanArchitectureUnitTest", "CleanArchitectureUnitTest\CleanArchitectureUnitTest.csproj", "{946604C9-3106-4FDB-8A81-62E530743A14}"
EndProject
Project("{2150E333-8FDC-42A3-9474-1A3956D46DE8}") = "Çözüm Öğeleri", "Çözüm Öğeleri", "{AC80F682-3D55-C8F8-4895-A4A9EDD49434}"
	ProjectSection(SolutionItems) = preProject
		global.json = global.json
	EndProjectSection
EndProject
Global
	GlobalSection(SolutionConfigurationPlatforms) = preSolution
		Debug|Any CPU = Debug|Any CPU
		Release|Any CPU = Release|Any CPU
	EndGlobalSection
	GlobalSection(ProjectConfigurationPlatforms) = postSolution
		{EE3E9AAA-FED8-4DDE-8586-981702A5A925}.Debug|Any CPU.ActiveCfg = Debug|Any CPU
		{EE3E9AAA-FED8-4DDE-8586-981702A5A925}.Debug|Any CPU.Build.0 = Debug|Any CPU
		{EE3E9AAA-FED8-4DDE-8586-981702A5A925}.Release|Any CPU.ActiveCfg = Release|Any CPU
		{EE3E9AAA-FED8-4DDE-8586-981702A5A925}.Release|Any CPU.Build.0 = Release|Any CPU
		{5668817A-346E-4A98-9C22-6EEAD2D5D778}.Debug|Any CPU.ActiveCfg = Debug|Any CPU
		{5668817A-346E-4A98-9C22-6EEAD2D5D778}.Debug|Any CPU.Build.0 = Debug|Any CPU
		{5668817A-346E-4A98-9C22-6EEAD2D5D778}.Release|Any CPU.ActiveCfg = Release|Any CPU
		{5668817A-346E-4A98-9C22-6EEAD2D5D778}.Release|Any CPU.Build.0 = Release|Any CPU
		{693E1AA4-B12A-41C2-9C14-140DD15082FD}.Debug|Any CPU.ActiveCfg = Debug|Any CPU
		{693E1AA4-B12A-41C2-9C14-140DD15082FD}.Debug|Any CPU.Build.0 = Debug|Any CPU
		{693E1AA4-B12A-41C2-9C14-140DD15082FD}.Release|Any CPU.ActiveCfg = Release|Any CPU
		{693E1AA4-B12A-41C2-9C14-140DD15082FD}.Release|Any CPU.Build.0 = Release|Any CPU
		{8B8B34E1-E063-4CE2-9B0D-4E14B6F6045F}.Debug|Any CPU.ActiveCfg = Debug|Any CPU
		{8B8B34E1-E063-4CE2-9B0D-4E14B6F6045F}.Debug|Any CPU.Build.0 = Debug|Any CPU
		{8B8B34E1-E063-4CE2-9B0D-4E14B6F6045F}.Release|Any CPU.ActiveCfg = Release|Any CPU
		{8B8B34E1-E063-4CE2-9B0D-4E14B6F6045F}.Release|Any CPU.Build.0 = Release|Any CPU
		{1EC8F779-10E1-43E8-873E-A660C377EE3F}.Debug|Any CPU.ActiveCfg = Debug|Any CPU
		{1EC8F779-10E1-43E8-873E-A660C377EE3F}.Debug|Any CPU.Build.0 = Debug|Any CPU
		{1EC8F779-10E1-43E8-873E-A660C377EE3F}.Release|Any CPU.ActiveCfg = Release|Any CPU
		{1EC8F779-10E1-43E8-873E-A660C377EE3F}.Release|Any CPU.Build.0 = Release|Any CPU
		{A9A7D432-0DDC-410E-9486-0D09CCCA42EF}.Debug|Any CPU.ActiveCfg = Debug|Any CPU
		{A9A7D432-0DDC-410E-9486-0D09CCCA42EF}.Debug|Any CPU.Build.0 = Debug|Any CPU
		{A9A7D432-0DDC-410E-9486-0D09CCCA42EF}.Release|Any CPU.ActiveCfg = Release|Any CPU
		{A9A7D432-0DDC-410E-9486-0D09CCCA42EF}.Release|Any CPU.Build.0 = Release|Any CPU
		{946604C9-3106-4FDB-8A81-62E530743A14}.Debug|Any CPU.ActiveCfg = Debug|Any CPU
		{946604C9-3106-4FDB-8A81-62E530743A14}.Debug|Any CPU.Build.0 = Debug|Any CPU
		{946604C9-3106-4FDB-8A81-62E530743A14}.Release|Any CPU.ActiveCfg = Release|Any CPU
		{946604C9-3106-4FDB-8A81-62E530743A14}.Release|Any CPU.Build.0 = Release|Any CPU
	EndGlobalSection
	GlobalSection(SolutionProperties) = preSolution
		HideSolutionNode = FALSE
	EndGlobalSection
	GlobalSection(NestedProjects) = preSolution
		{EE3E9AAA-FED8-4DDE-8586-981702A5A925} = {02EA681E-C7D8-13C7-8484-4AC65E1B71E8}
		{0FCD6DDE-315F-4DEB-9990-7BAC9981EA9B} = {02EA681E-C7D8-13C7-8484-4AC65E1B71E8}
		{A5AE5692-5740-4DAB-9C9A-F7473EE4F5E7} = {02EA681E-C7D8-13C7-8484-4AC65E1B71E8}
		{5668817A-346E-4A98-9C22-6EEAD2D5D778} = {0FCD6DDE-315F-4DEB-9990-7BAC9981EA9B}
		{693E1AA4-B12A-41C2-9C14-140DD15082FD} = {0FCD6DDE-315F-4DEB-9990-7BAC9981EA9B}
		{8B8B34E1-E063-4CE2-9B0D-4E14B6F6045F} = {A5AE5692-5740-4DAB-9C9A-F7473EE4F5E7}
		{1EC8F779-10E1-43E8-873E-A660C377EE3F} = {A5AE5692-5740-4DAB-9C9A-F7473EE4F5E7}
		{A9A7D432-0DDC-410E-9486-0D09CCCA42EF} = {A5AE5692-5740-4DAB-9C9A-F7473EE4F5E7}
		{946604C9-3106-4FDB-8A81-62E530743A14} = {34172D7C-F7F4-484C-818C-38E7A8EAB5D7}
	EndGlobalSection
	GlobalSection(ExtensibilityGlobals) = postSolution
		SolutionGuid = {44761FFB-339B-47F7-BDD3-822295906541}
	EndGlobalSection
EndGlobal
